
Microsoft Visual Studio Solution File, Format Version 12.00
# Visual Studio Version 17
VisualStudioVersion = 17.0.32126.317
MinimumVisualStudioVersion = 10.0.40219.1
Project("{FAE04EC0-301F-11D3-BF4B-00C04F79EFBC}") = "BookStoreApp.API", "BookStoreApp.API\BookStoreApp.API.csproj", "{F89AF14D-777B-4299-B718-CDD3D2E8F453}"
EndProject
Global
	GlobalSection(SolutionConfigurationPlatforms) = preSolution
		Debug|Any CPU = Debug|Any CPU
		Release|Any CPU = Release|Any CPU
	EndGlobalSection
	GlobalSection(ProjectConfigurationPlatforms) = postSolution
		{F89AF14D-777B-4299-B718-CDD3D2E8F453}.Debug|Any CPU.ActiveCfg = Debug|Any CPU
		{F89AF14D-777B-4299-B718-CDD3D2E8F453}.Debug|Any CPU.Build.0 = Debug|Any CPU
		{F89AF14D-777B-4299-B718-CDD3D2E8F453}.Release|Any CPU.ActiveCfg = Release|Any CPU
		{F89AF14D-777B-4299-B718-CDD3D2E8F453}.Release|Any CPU.Build.0 = Release|Any CPU
	EndGlobalSection
	GlobalSection(SolutionProperties) = preSolution
		HideSolutionNode = FALSE
	EndGlobalSection
	GlobalSection(ExtensibilityGlobals) = postSolution
		SolutionGuid = {624B9293-F5B8-47F3-9C6E-BD04300CAD03}
	EndGlobalSection
EndGlobal
